
Microsoft Visual Studio Solution File, Format Version 12.00
# Visual Studio 15
VisualStudioVersion = 15.0.27130.2024
MinimumVisualStudioVersion = 10.0.40219.1
Project("{FAE04EC0-301F-11D3-BF4B-00C04F79EFBC}") = "PS5DevelopmentTests", "PS5DevelopmentTests\PS5DevelopmentTests.csproj", "{5CE891A3-87AB-409B-874D-AD3622C5F59F}"
EndProject
Project("{FAE04EC0-301F-11D3-BF4B-00C04F79EFBC}") = "DependencyGraph", "DependencyGraph\DependencyGraph.csproj", "{862EAD85-346F-4D2B-A53C-98074FF813BA}"
EndProject
Project("{FAE04EC0-301F-11D3-BF4B-00C04F79EFBC}") = "PS3DevelopmentTests", "PS3DevelopmentTests\PS3DevelopmentTests.csproj", "{0BB0FEFF-986E-496F-9939-8A52E52E083F}"
EndProject
Project("{FAE04EC0-301F-11D3-BF4B-00C04F79EFBC}") = "PS3GradingTests", "PS3GradingTests\PS3GradingTests.csproj", "{2F690FBF-E608-4405-801B-5F757BD046D1}"
EndProject
Project("{FAE04EC0-301F-11D3-BF4B-00C04F79EFBC}") = "PS4bDevelopmentTests", "PS4bDevelopmentTests\PS4bDevelopmentTests.csproj", "{BAF269F6-6B3D-4319-AAD5-B163DE642AE2}"
EndProject
Project("{FAE04EC0-301F-11D3-BF4B-00C04F79EFBC}") = "Formula", "Formula\Formula.csproj", "{D43D998C-9797-4CF4-9BB0-6DE22753849A}"
EndProject
Project("{FAE04EC0-301F-11D3-BF4B-00C04F79EFBC}") = "FormulaSimpleTests", "FormulaSimpleTests\FormulaSimpleTests.csproj", "{707DFAA0-3BB3-4896-AF50-0A4D6D580D06}"
EndProject
Project("{FAE04EC0-301F-11D3-BF4B-00C04F79EFBC}") = "PS2GradingTests", "PS2GradingTests\PS2GradingTests.csproj", "{5F69302B-DF29-42D2-BFE2-4A168FF4F588}"
EndProject
Project("{FAE04EC0-301F-11D3-BF4B-00C04F79EFBC}") = "PS4aDevelopmentTests", "PS4aDevelopmentTests\PS4aDevelopmentTests.csproj", "{70DDE581-A43E-46C8-8639-38603015654E}"
EndProject
Project("{FAE04EC0-301F-11D3-BF4B-00C04F79EFBC}") = "Spreadsheet", "Spreadsheet\Spreadsheet.csproj", "{9025A594-DF2A-4E6A-B8C2-F087ECC3E203}"
EndProject
Project("{FAE04EC0-301F-11D3-BF4B-00C04F79EFBC}") = "PS6DevelopmentTests", "PS6DevelopmentTests\PS6DevelopmentTests.csproj", "{2145911F-6669-4308-A0F2-63B4C2AAAE5E}"
EndProject
Project("{FAE04EC0-301F-11D3-BF4B-00C04F79EFBC}") = "SpeadSheetTests", "SpeadSheetTests\SpeadSheetTests.csproj", "{762446EC-F886-47FC-B44B-FC02217C0EAB}"
EndProject
Project("{FAE04EC0-301F-11D3-BF4B-00C04F79EFBC}") = "ps4aGradingTestss", "ps4aGradingTestss\ps4aGradingTestss.csproj", "{37FDF0DB-32C3-429A-90E2-68F0489E04CB}"
EndProject
Project("{FAE04EC0-301F-11D3-BF4B-00C04F79EFBC}") = "ps4bGradingTestss", "ps4bGradingTestss\ps4bGradingTestss.csproj", "{14500D96-9B20-4631-9F54-497BC9F298FB}"
EndProject
Project("{FAE04EC0-301F-11D3-BF4B-00C04F79EFBC}") = "ps5GradingTestss", "ps5GradingTestss\ps5GradingTestss.csproj", "{E8C8F144-6C2C-4E85-933B-8328FF794638}"
EndProject
Project("{FAE04EC0-301F-11D3-BF4B-00C04F79EFBC}") = "ps6GradingTestss", "ps6GradingTestss\ps6GradingTestss.csproj", "{A31A9CF7-DAFA-4EFB-B233-714D63C2EED8}"
EndProject
Project("{FAE04EC0-301F-11D3-BF4B-00C04F79EFBC}") = "SpreadsheetDemo", "SpreadsheetDemo\SpreadsheetDemo.csproj", "{7069D83A-3933-4135-922B-76F754740A00}"
EndProject
Project("{2150E333-8FDC-42A3-9474-1A3956D46DE8}") = "Solution Items", "Solution Items", "{115390A5-736F-45CC-9BBB-06593E2A3A0F}"
	ProjectSection(SolutionItems) = preProject
		test.ss = test.ss
	EndProjectSection
EndProject
Project("{FAE04EC0-301F-11D3-BF4B-00C04F79EFBC}") = "SpreadsheetPanel", "SpreadsheetPanel\SpreadsheetPanel.csproj", "{F31299DC-288F-4E46-A3AF-6BF461B21C79}"
EndProject
Project("{FAE04EC0-301F-11D3-BF4B-00C04F79EFBC}") = "ShreadsheetGUI", "ShreadsheetGUI\ShreadsheetGUI.csproj", "{44469A8F-96D8-4C3E-8925-4853ED69AD0D}"
EndProject
Project("{FAE04EC0-301F-11D3-BF4B-00C04F79EFBC}") = "PS-7", "PS-7\PS-7.csproj", "{ACCD15F4-818F-478D-9812-0070D2104850}"
EndProject
Project("{FAE04EC0-301F-11D3-BF4B-00C04F79EFBC}") = "PS-7UnitTestss", "PS-7UnitTestss\PS-7UnitTestss.csproj", "{A25F504C-202D-4541-A315-66D96E2D1623}"
EndProject
Global
	GlobalSection(SolutionConfigurationPlatforms) = preSolution
		Debug|Any CPU = Debug|Any CPU
		Debug|ARM = Debug|ARM
		Debug|ARM64 = Debug|ARM64
		Debug|x64 = Debug|x64
		Debug|x86 = Debug|x86
		Release|Any CPU = Release|Any CPU
		Release|ARM = Release|ARM
		Release|ARM64 = Release|ARM64
		Release|x64 = Release|x64
		Release|x86 = Release|x86
	EndGlobalSection
	GlobalSection(ProjectConfigurationPlatforms) = postSolution
		{5CE891A3-87AB-409B-874D-AD3622C5F59F}.Debug|Any CPU.ActiveCfg = Debug|Any CPU
		{5CE891A3-87AB-409B-874D-AD3622C5F59F}.Debug|Any CPU.Build.0 = Debug|Any CPU
		{5CE891A3-87AB-409B-874D-AD3622C5F59F}.Debug|ARM.ActiveCfg = Debug|Any CPU
		{5CE891A3-87AB-409B-874D-AD3622C5F59F}.Debug|ARM.Build.0 = Debug|Any CPU
		{5CE891A3-87AB-409B-874D-AD3622C5F59F}.Debug|ARM64.ActiveCfg = Debug|Any CPU
		{5CE891A3-87AB-409B-874D-AD3622C5F59F}.Debug|ARM64.Build.0 = Debug|Any CPU
		{5CE891A3-87AB-409B-874D-AD3622C5F59F}.Debug|x64.ActiveCfg = Debug|Any CPU
		{5CE891A3-87AB-409B-874D-AD3622C5F59F}.Debug|x64.Build.0 = Debug|Any CPU
		{5CE891A3-87AB-409B-874D-AD3622C5F59F}.Debug|x86.ActiveCfg = Debug|Any CPU
		{5CE891A3-87AB-409B-874D-AD3622C5F59F}.Debug|x86.Build.0 = Debug|Any CPU
		{5CE891A3-87AB-409B-874D-AD3622C5F59F}.Release|Any CPU.ActiveCfg = Release|Any CPU
		{5CE891A3-87AB-409B-874D-AD3622C5F59F}.Release|Any CPU.Build.0 = Release|Any CPU
		{5CE891A3-87AB-409B-874D-AD3622C5F59F}.Release|ARM.ActiveCfg = Release|Any CPU
		{5CE891A3-87AB-409B-874D-AD3622C5F59F}.Release|ARM.Build.0 = Release|Any CPU
		{5CE891A3-87AB-409B-874D-AD3622C5F59F}.Release|ARM64.ActiveCfg = Release|Any CPU
		{5CE891A3-87AB-409B-874D-AD3622C5F59F}.Release|ARM64.Build.0 = Release|Any CPU
		{5CE891A3-87AB-409B-874D-AD3622C5F59F}.Release|x64.ActiveCfg = Release|Any CPU
		{5CE891A3-87AB-409B-874D-AD3622C5F59F}.Release|x64.Build.0 = Release|Any CPU
		{5CE891A3-87AB-409B-874D-AD3622C5F59F}.Release|x86.ActiveCfg = Release|Any CPU
		{5CE891A3-87AB-409B-874D-AD3622C5F59F}.Release|x86.Build.0 = Release|Any CPU
		{862EAD85-346F-4D2B-A53C-98074FF813BA}.Debug|Any CPU.ActiveCfg = Debug|Any CPU
		{862EAD85-346F-4D2B-A53C-98074FF813BA}.Debug|Any CPU.Build.0 = Debug|Any CPU
		{862EAD85-346F-4D2B-A53C-98074FF813BA}.Debug|ARM.ActiveCfg = Debug|Any CPU
		{862EAD85-346F-4D2B-A53C-98074FF813BA}.Debug|ARM.Build.0 = Debug|Any CPU
		{862EAD85-346F-4D2B-A53C-98074FF813BA}.Debug|ARM64.ActiveCfg = Debug|Any CPU
		{862EAD85-346F-4D2B-A53C-98074FF813BA}.Debug|ARM64.Build.0 = Debug|Any CPU
		{862EAD85-346F-4D2B-A53C-98074FF813BA}.Debug|x64.ActiveCfg = Debug|Any CPU
		{862EAD85-346F-4D2B-A53C-98074FF813BA}.Debug|x64.Build.0 = Debug|Any CPU
		{862EAD85-346F-4D2B-A53C-98074FF813BA}.Debug|x86.ActiveCfg = Debug|Any CPU
		{862EAD85-346F-4D2B-A53C-98074FF813BA}.Debug|x86.Build.0 = Debug|Any CPU
		{862EAD85-346F-4D2B-A53C-98074FF813BA}.Release|Any CPU.ActiveCfg = Release|Any CPU
		{862EAD85-346F-4D2B-A53C-98074FF813BA}.Release|ARM.ActiveCfg = Release|Any CPU
		{862EAD85-346F-4D2B-A53C-98074FF813BA}.Release|ARM.Build.0 = Release|Any CPU
		{862EAD85-346F-4D2B-A53C-98074FF813BA}.Release|ARM64.ActiveCfg = Release|Any CPU
		{862EAD85-346F-4D2B-A53C-98074FF813BA}.Release|ARM64.Build.0 = Release|Any CPU
		{862EAD85-346F-4D2B-A53C-98074FF813BA}.Release|x64.ActiveCfg = Release|Any CPU
		{862EAD85-346F-4D2B-A53C-98074FF813BA}.Release|x64.Build.0 = Release|Any CPU
		{862EAD85-346F-4D2B-A53C-98074FF813BA}.Release|x86.ActiveCfg = Release|Any CPU
		{862EAD85-346F-4D2B-A53C-98074FF813BA}.Release|x86.Build.0 = Release|Any CPU
		{0BB0FEFF-986E-496F-9939-8A52E52E083F}.Debug|Any CPU.ActiveCfg = Debug|Any CPU
		{0BB0FEFF-986E-496F-9939-8A52E52E083F}.Debug|Any CPU.Build.0 = Debug|Any CPU
		{0BB0FEFF-986E-496F-9939-8A52E52E083F}.Debug|ARM.ActiveCfg = Debug|Any CPU
		{0BB0FEFF-986E-496F-9939-8A52E52E083F}.Debug|ARM.Build.0 = Debug|Any CPU
		{0BB0FEFF-986E-496F-9939-8A52E52E083F}.Debug|ARM64.ActiveCfg = Debug|Any CPU
		{0BB0FEFF-986E-496F-9939-8A52E52E083F}.Debug|ARM64.Build.0 = Debug|Any CPU
		{0BB0FEFF-986E-496F-9939-8A52E52E083F}.Debug|x64.ActiveCfg = Debug|Any CPU
		{0BB0FEFF-986E-496F-9939-8A52E52E083F}.Debug|x64.Build.0 = Debug|Any CPU
		{0BB0FEFF-986E-496F-9939-8A52E52E083F}.Debug|x86.ActiveCfg = Debug|Any CPU
		{0BB0FEFF-986E-496F-9939-8A52E52E083F}.Debug|x86.Build.0 = Debug|Any CPU
		{0BB0FEFF-986E-496F-9939-8A52E52E083F}.Release|Any CPU.ActiveCfg = Release|Any CPU
		{0BB0FEFF-986E-496F-9939-8A52E52E083F}.Release|ARM.ActiveCfg = Release|Any CPU
		{0BB0FEFF-986E-496F-9939-8A52E52E083F}.Release|ARM.Build.0 = Release|Any CPU
		{0BB0FEFF-986E-496F-9939-8A52E52E083F}.Release|ARM64.ActiveCfg = Release|Any CPU
		{0BB0FEFF-986E-496F-9939-8A52E52E083F}.Release|ARM64.Build.0 = Release|Any CPU
		{0BB0FEFF-986E-496F-9939-8A52E52E083F}.Release|x64.ActiveCfg = Release|Any CPU
		{0BB0FEFF-986E-496F-9939-8A52E52E083F}.Release|x64.Build.0 = Release|Any CPU
		{0BB0FEFF-986E-496F-9939-8A52E52E083F}.Release|x86.ActiveCfg = Release|Any CPU
		{0BB0FEFF-986E-496F-9939-8A52E52E083F}.Release|x86.Build.0 = Release|Any CPU
		{2F690FBF-E608-4405-801B-5F757BD046D1}.Debug|Any CPU.ActiveCfg = Debug|Any CPU
		{2F690FBF-E608-4405-801B-5F757BD046D1}.Debug|Any CPU.Build.0 = Debug|Any CPU
		{2F690FBF-E608-4405-801B-5F757BD046D1}.Debug|ARM.ActiveCfg = Debug|Any CPU
		{2F690FBF-E608-4405-801B-5F757BD046D1}.Debug|ARM.Build.0 = Debug|Any CPU
		{2F690FBF-E608-4405-801B-5F757BD046D1}.Debug|ARM64.ActiveCfg = Debug|Any CPU
		{2F690FBF-E608-4405-801B-5F757BD046D1}.Debug|ARM64.Build.0 = Debug|Any CPU
		{2F690FBF-E608-4405-801B-5F757BD046D1}.Debug|x64.ActiveCfg = Debug|Any CPU
		{2F690FBF-E608-4405-801B-5F757BD046D1}.Debug|x64.Build.0 = Debug|Any CPU
		{2F690FBF-E608-4405-801B-5F757BD046D1}.Debug|x86.ActiveCfg = Debug|Any CPU
		{2F690FBF-E608-4405-801B-5F757BD046D1}.Debug|x86.Build.0 = Debug|Any CPU
		{2F690FBF-E608-4405-801B-5F757BD046D1}.Release|Any CPU.ActiveCfg = Release|Any CPU
		{2F690FBF-E608-4405-801B-5F757BD046D1}.Release|ARM.ActiveCfg = Release|Any CPU
		{2F690FBF-E608-4405-801B-5F757BD046D1}.Release|ARM.Build.0 = Release|Any CPU
		{2F690FBF-E608-4405-801B-5F757BD046D1}.Release|ARM64.ActiveCfg = Release|Any CPU
		{2F690FBF-E608-4405-801B-5F757BD046D1}.Release|ARM64.Build.0 = Release|Any CPU
		{2F690FBF-E608-4405-801B-5F757BD046D1}.Release|x64.ActiveCfg = Release|Any CPU
		{2F690FBF-E608-4405-801B-5F757BD046D1}.Release|x64.Build.0 = Release|Any CPU
		{2F690FBF-E608-4405-801B-5F757BD046D1}.Release|x86.ActiveCfg = Release|Any CPU
		{2F690FBF-E608-4405-801B-5F757BD046D1}.Release|x86.Build.0 = Release|Any CPU
		{BAF269F6-6B3D-4319-AAD5-B163DE642AE2}.Debug|Any CPU.ActiveCfg = Debug|Any CPU
		{BAF269F6-6B3D-4319-AAD5-B163DE642AE2}.Debug|Any CPU.Build.0 = Debug|Any CPU
		{BAF269F6-6B3D-4319-AAD5-B163DE642AE2}.Debug|ARM.ActiveCfg = Debug|Any CPU
		{BAF269F6-6B3D-4319-AAD5-B163DE642AE2}.Debug|ARM.Build.0 = Debug|Any CPU
		{BAF269F6-6B3D-4319-AAD5-B163DE642AE2}.Debug|ARM64.ActiveCfg = Debug|Any CPU
		{BAF269F6-6B3D-4319-AAD5-B163DE642AE2}.Debug|ARM64.Build.0 = Debug|Any CPU
		{BAF269F6-6B3D-4319-AAD5-B163DE642AE2}.Debug|x64.ActiveCfg = Debug|Any CPU
		{BAF269F6-6B3D-4319-AAD5-B163DE642AE2}.Debug|x64.Build.0 = Debug|Any CPU
		{BAF269F6-6B3D-4319-AAD5-B163DE642AE2}.Debug|x86.ActiveCfg = Debug|Any CPU
		{BAF269F6-6B3D-4319-AAD5-B163DE642AE2}.Debug|x86.Build.0 = Debug|Any CPU
		{BAF269F6-6B3D-4319-AAD5-B163DE642AE2}.Release|Any CPU.ActiveCfg = Release|Any CPU
		{BAF269F6-6B3D-4319-AAD5-B163DE642AE2}.Release|ARM.ActiveCfg = Release|Any CPU
		{BAF269F6-6B3D-4319-AAD5-B163DE642AE2}.Release|ARM.Build.0 = Release|Any CPU
		{BAF269F6-6B3D-4319-AAD5-B163DE642AE2}.Release|ARM64.ActiveCfg = Release|Any CPU
		{BAF269F6-6B3D-4319-AAD5-B163DE642AE2}.Release|ARM64.Build.0 = Release|Any CPU
		{BAF269F6-6B3D-4319-AAD5-B163DE642AE2}.Release|x64.ActiveCfg = Release|Any CPU
		{BAF269F6-6B3D-4319-AAD5-B163DE642AE2}.Release|x64.Build.0 = Release|Any CPU
		{BAF269F6-6B3D-4319-AAD5-B163DE642AE2}.Release|x86.ActiveCfg = Release|Any CPU
		{BAF269F6-6B3D-4319-AAD5-B163DE642AE2}.Release|x86.Build.0 = Release|Any CPU
		{D43D998C-9797-4CF4-9BB0-6DE22753849A}.Debug|Any CPU.ActiveCfg = Debug|Any CPU
		{D43D998C-9797-4CF4-9BB0-6DE22753849A}.Debug|Any CPU.Build.0 = Debug|Any CPU
		{D43D998C-9797-4CF4-9BB0-6DE22753849A}.Debug|ARM.ActiveCfg = Debug|Any CPU
		{D43D998C-9797-4CF4-9BB0-6DE22753849A}.Debug|ARM.Build.0 = Debug|Any CPU
		{D43D998C-9797-4CF4-9BB0-6DE22753849A}.Debug|ARM64.ActiveCfg = Debug|Any CPU
		{D43D998C-9797-4CF4-9BB0-6DE22753849A}.Debug|ARM64.Build.0 = Debug|Any CPU
		{D43D998C-9797-4CF4-9BB0-6DE22753849A}.Debug|x64.ActiveCfg = Debug|Any CPU
		{D43D998C-9797-4CF4-9BB0-6DE22753849A}.Debug|x64.Build.0 = Debug|Any CPU
		{D43D998C-9797-4CF4-9BB0-6DE22753849A}.Debug|x86.ActiveCfg = Debug|Any CPU
		{D43D998C-9797-4CF4-9BB0-6DE22753849A}.Debug|x86.Build.0 = Debug|Any CPU
		{D43D998C-9797-4CF4-9BB0-6DE22753849A}.Release|Any CPU.ActiveCfg = Release|Any CPU
		{D43D998C-9797-4CF4-9BB0-6DE22753849A}.Release|ARM.ActiveCfg = Release|Any CPU
		{D43D998C-9797-4CF4-9BB0-6DE22753849A}.Release|ARM.Build.0 = Release|Any CPU
		{D43D998C-9797-4CF4-9BB0-6DE22753849A}.Release|ARM64.ActiveCfg = Release|Any CPU
		{D43D998C-9797-4CF4-9BB0-6DE22753849A}.Release|ARM64.Build.0 = Release|Any CPU
		{D43D998C-9797-4CF4-9BB0-6DE22753849A}.Release|x64.ActiveCfg = Release|Any CPU
		{D43D998C-9797-4CF4-9BB0-6DE22753849A}.Release|x64.Build.0 = Release|Any CPU
		{D43D998C-9797-4CF4-9BB0-6DE22753849A}.Release|x86.ActiveCfg = Release|Any CPU
		{D43D998C-9797-4CF4-9BB0-6DE22753849A}.Release|x86.Build.0 = Release|Any CPU
		{707DFAA0-3BB3-4896-AF50-0A4D6D580D06}.Debug|Any CPU.ActiveCfg = Debug|Any CPU
		{707DFAA0-3BB3-4896-AF50-0A4D6D580D06}.Debug|Any CPU.Build.0 = Debug|Any CPU
		{707DFAA0-3BB3-4896-AF50-0A4D6D580D06}.Debug|ARM.ActiveCfg = Debug|Any CPU
		{707DFAA0-3BB3-4896-AF50-0A4D6D580D06}.Debug|ARM.Build.0 = Debug|Any CPU
		{707DFAA0-3BB3-4896-AF50-0A4D6D580D06}.Debug|ARM64.ActiveCfg = Debug|Any CPU
		{707DFAA0-3BB3-4896-AF50-0A4D6D580D06}.Debug|ARM64.Build.0 = Debug|Any CPU
		{707DFAA0-3BB3-4896-AF50-0A4D6D580D06}.Debug|x64.ActiveCfg = Debug|Any CPU
		{707DFAA0-3BB3-4896-AF50-0A4D6D580D06}.Debug|x64.Build.0 = Debug|Any CPU
		{707DFAA0-3BB3-4896-AF50-0A4D6D580D06}.Debug|x86.ActiveCfg = Debug|Any CPU
		{707DFAA0-3BB3-4896-AF50-0A4D6D580D06}.Debug|x86.Build.0 = Debug|Any CPU
		{707DFAA0-3BB3-4896-AF50-0A4D6D580D06}.Release|Any CPU.ActiveCfg = Release|Any CPU
		{707DFAA0-3BB3-4896-AF50-0A4D6D580D06}.Release|ARM.ActiveCfg = Release|Any CPU
		{707DFAA0-3BB3-4896-AF50-0A4D6D580D06}.Release|ARM.Build.0 = Release|Any CPU
		{707DFAA0-3BB3-4896-AF50-0A4D6D580D06}.Release|ARM64.ActiveCfg = Release|Any CPU
		{707DFAA0-3BB3-4896-AF50-0A4D6D580D06}.Release|ARM64.Build.0 = Release|Any CPU
		{707DFAA0-3BB3-4896-AF50-0A4D6D580D06}.Release|x64.ActiveCfg = Release|Any CPU
		{707DFAA0-3BB3-4896-AF50-0A4D6D580D06}.Release|x64.Build.0 = Release|Any CPU
		{707DFAA0-3BB3-4896-AF50-0A4D6D580D06}.Release|x86.ActiveCfg = Release|Any CPU
		{707DFAA0-3BB3-4896-AF50-0A4D6D580D06}.Release|x86.Build.0 = Release|Any CPU
		{5F69302B-DF29-42D2-BFE2-4A168FF4F588}.Debug|Any CPU.ActiveCfg = Debug|Any CPU
		{5F69302B-DF29-42D2-BFE2-4A168FF4F588}.Debug|Any CPU.Build.0 = Debug|Any CPU
		{5F69302B-DF29-42D2-BFE2-4A168FF4F588}.Debug|ARM.ActiveCfg = Debug|Any CPU
		{5F69302B-DF29-42D2-BFE2-4A168FF4F588}.Debug|ARM.Build.0 = Debug|Any CPU
		{5F69302B-DF29-42D2-BFE2-4A168FF4F588}.Debug|ARM64.ActiveCfg = Debug|Any CPU
		{5F69302B-DF29-42D2-BFE2-4A168FF4F588}.Debug|ARM64.Build.0 = Debug|Any CPU
		{5F69302B-DF29-42D2-BFE2-4A168FF4F588}.Debug|x64.ActiveCfg = Debug|Any CPU
		{5F69302B-DF29-42D2-BFE2-4A168FF4F588}.Debug|x64.Build.0 = Debug|Any CPU
		{5F69302B-DF29-42D2-BFE2-4A168FF4F588}.Debug|x86.ActiveCfg = Debug|Any CPU
		{5F69302B-DF29-42D2-BFE2-4A168FF4F588}.Debug|x86.Build.0 = Debug|Any CPU
		{5F69302B-DF29-42D2-BFE2-4A168FF4F588}.Release|Any CPU.ActiveCfg = Release|Any CPU
		{5F69302B-DF29-42D2-BFE2-4A168FF4F588}.Release|ARM.ActiveCfg = Release|Any CPU
		{5F69302B-DF29-42D2-BFE2-4A168FF4F588}.Release|ARM.Build.0 = Release|Any CPU
		{5F69302B-DF29-42D2-BFE2-4A168FF4F588}.Release|ARM64.ActiveCfg = Release|Any CPU
		{5F69302B-DF29-42D2-BFE2-4A168FF4F588}.Release|ARM64.Build.0 = Release|Any CPU
		{5F69302B-DF29-42D2-BFE2-4A168FF4F588}.Release|x64.ActiveCfg = Release|Any CPU
		{5F69302B-DF29-42D2-BFE2-4A168FF4F588}.Release|x64.Build.0 = Release|Any CPU
		{5F69302B-DF29-42D2-BFE2-4A168FF4F588}.Release|x86.ActiveCfg = Release|Any CPU
		{5F69302B-DF29-42D2-BFE2-4A168FF4F588}.Release|x86.Build.0 = Release|Any CPU
		{70DDE581-A43E-46C8-8639-38603015654E}.Debug|Any CPU.ActiveCfg = Debug|Any CPU
		{70DDE581-A43E-46C8-8639-38603015654E}.Debug|Any CPU.Build.0 = Debug|Any CPU
		{70DDE581-A43E-46C8-8639-38603015654E}.Debug|ARM.ActiveCfg = Debug|Any CPU
		{70DDE581-A43E-46C8-8639-38603015654E}.Debug|ARM.Build.0 = Debug|Any CPU
		{70DDE581-A43E-46C8-8639-38603015654E}.Debug|ARM64.ActiveCfg = Debug|Any CPU
		{70DDE581-A43E-46C8-8639-38603015654E}.Debug|ARM64.Build.0 = Debug|Any CPU
		{70DDE581-A43E-46C8-8639-38603015654E}.Debug|x64.ActiveCfg = Debug|Any CPU
		{70DDE581-A43E-46C8-8639-38603015654E}.Debug|x64.Build.0 = Debug|Any CPU
		{70DDE581-A43E-46C8-8639-38603015654E}.Debug|x86.ActiveCfg = Debug|Any CPU
		{70DDE581-A43E-46C8-8639-38603015654E}.Debug|x86.Build.0 = Debug|Any CPU
		{70DDE581-A43E-46C8-8639-38603015654E}.Release|Any CPU.ActiveCfg = Release|Any CPU
		{70DDE581-A43E-46C8-8639-38603015654E}.Release|Any CPU.Build.0 = Release|Any CPU
		{70DDE581-A43E-46C8-8639-38603015654E}.Release|ARM.ActiveCfg = Release|Any CPU
		{70DDE581-A43E-46C8-8639-38603015654E}.Release|ARM.Build.0 = Release|Any CPU
		{70DDE581-A43E-46C8-8639-38603015654E}.Release|ARM64.ActiveCfg = Release|Any CPU
		{70DDE581-A43E-46C8-8639-38603015654E}.Release|ARM64.Build.0 = Release|Any CPU
		{70DDE581-A43E-46C8-8639-38603015654E}.Release|x64.ActiveCfg = Release|Any CPU
		{70DDE581-A43E-46C8-8639-38603015654E}.Release|x64.Build.0 = Release|Any CPU
		{70DDE581-A43E-46C8-8639-38603015654E}.Release|x86.ActiveCfg = Release|Any CPU
		{70DDE581-A43E-46C8-8639-38603015654E}.Release|x86.Build.0 = Release|Any CPU
		{9025A594-DF2A-4E6A-B8C2-F087ECC3E203}.Debug|Any CPU.ActiveCfg = Debug|Any CPU
		{9025A594-DF2A-4E6A-B8C2-F087ECC3E203}.Debug|Any CPU.Build.0 = Debug|Any CPU
		{9025A594-DF2A-4E6A-B8C2-F087ECC3E203}.Debug|ARM.ActiveCfg = Debug|Any CPU
		{9025A594-DF2A-4E6A-B8C2-F087ECC3E203}.Debug|ARM.Build.0 = Debug|Any CPU
		{9025A594-DF2A-4E6A-B8C2-F087ECC3E203}.Debug|ARM64.ActiveCfg = Debug|Any CPU
		{9025A594-DF2A-4E6A-B8C2-F087ECC3E203}.Debug|ARM64.Build.0 = Debug|Any CPU
		{9025A594-DF2A-4E6A-B8C2-F087ECC3E203}.Debug|x64.ActiveCfg = Debug|Any CPU
		{9025A594-DF2A-4E6A-B8C2-F087ECC3E203}.Debug|x64.Build.0 = Debug|Any CPU
		{9025A594-DF2A-4E6A-B8C2-F087ECC3E203}.Debug|x86.ActiveCfg = Debug|Any CPU
		{9025A594-DF2A-4E6A-B8C2-F087ECC3E203}.Debug|x86.Build.0 = Debug|Any CPU
		{9025A594-DF2A-4E6A-B8C2-F087ECC3E203}.Release|Any CPU.ActiveCfg = Release|Any CPU
		{9025A594-DF2A-4E6A-B8C2-F087ECC3E203}.Release|Any CPU.Build.0 = Release|Any CPU
		{9025A594-DF2A-4E6A-B8C2-F087ECC3E203}.Release|ARM.ActiveCfg = Release|Any CPU
		{9025A594-DF2A-4E6A-B8C2-F087ECC3E203}.Release|ARM.Build.0 = Release|Any CPU
		{9025A594-DF2A-4E6A-B8C2-F087ECC3E203}.Release|ARM64.ActiveCfg = Release|Any CPU
		{9025A594-DF2A-4E6A-B8C2-F087ECC3E203}.Release|ARM64.Build.0 = Release|Any CPU
		{9025A594-DF2A-4E6A-B8C2-F087ECC3E203}.Release|x64.ActiveCfg = Release|Any CPU
		{9025A594-DF2A-4E6A-B8C2-F087ECC3E203}.Release|x64.Build.0 = Release|Any CPU
		{9025A594-DF2A-4E6A-B8C2-F087ECC3E203}.Release|x86.ActiveCfg = Release|Any CPU
		{9025A594-DF2A-4E6A-B8C2-F087ECC3E203}.Release|x86.Build.0 = Release|Any CPU
		{2145911F-6669-4308-A0F2-63B4C2AAAE5E}.Debug|Any CPU.ActiveCfg = Debug|Any CPU
		{2145911F-6669-4308-A0F2-63B4C2AAAE5E}.Debug|Any CPU.Build.0 = Debug|Any CPU
		{2145911F-6669-4308-A0F2-63B4C2AAAE5E}.Debug|ARM.ActiveCfg = Debug|Any CPU
		{2145911F-6669-4308-A0F2-63B4C2AAAE5E}.Debug|ARM.Build.0 = Debug|Any CPU
		{2145911F-6669-4308-A0F2-63B4C2AAAE5E}.Debug|ARM64.ActiveCfg = Debug|Any CPU
		{2145911F-6669-4308-A0F2-63B4C2AAAE5E}.Debug|ARM64.Build.0 = Debug|Any CPU
		{2145911F-6669-4308-A0F2-63B4C2AAAE5E}.Debug|x64.ActiveCfg = Debug|Any CPU
		{2145911F-6669-4308-A0F2-63B4C2AAAE5E}.Debug|x64.Build.0 = Debug|Any CPU
		{2145911F-6669-4308-A0F2-63B4C2AAAE5E}.Debug|x86.ActiveCfg = Debug|Any CPU
		{2145911F-6669-4308-A0F2-63B4C2AAAE5E}.Debug|x86.Build.0 = Debug|Any CPU
		{2145911F-6669-4308-A0F2-63B4C2AAAE5E}.Release|Any CPU.ActiveCfg = Release|Any CPU
		{2145911F-6669-4308-A0F2-63B4C2AAAE5E}.Release|Any CPU.Build.0 = Release|Any CPU
		{2145911F-6669-4308-A0F2-63B4C2AAAE5E}.Release|ARM.ActiveCfg = Release|Any CPU
		{2145911F-6669-4308-A0F2-63B4C2AAAE5E}.Release|ARM.Build.0 = Release|Any CPU
		{2145911F-6669-4308-A0F2-63B4C2AAAE5E}.Release|ARM64.ActiveCfg = Release|Any CPU
		{2145911F-6669-4308-A0F2-63B4C2AAAE5E}.Release|ARM64.Build.0 = Release|Any CPU
		{2145911F-6669-4308-A0F2-63B4C2AAAE5E}.Release|x64.ActiveCfg = Release|Any CPU
		{2145911F-6669-4308-A0F2-63B4C2AAAE5E}.Release|x64.Build.0 = Release|Any CPU
		{2145911F-6669-4308-A0F2-63B4C2AAAE5E}.Release|x86.ActiveCfg = Release|Any CPU
		{2145911F-6669-4308-A0F2-63B4C2AAAE5E}.Release|x86.Build.0 = Release|Any CPU
		{762446EC-F886-47FC-B44B-FC02217C0EAB}.Debug|Any CPU.ActiveCfg = Debug|Any CPU
		{762446EC-F886-47FC-B44B-FC02217C0EAB}.Debug|Any CPU.Build.0 = Debug|Any CPU
		{762446EC-F886-47FC-B44B-FC02217C0EAB}.Debug|ARM.ActiveCfg = Debug|Any CPU
		{762446EC-F886-47FC-B44B-FC02217C0EAB}.Debug|ARM.Build.0 = Debug|Any CPU
		{762446EC-F886-47FC-B44B-FC02217C0EAB}.Debug|ARM64.ActiveCfg = Debug|Any CPU
		{762446EC-F886-47FC-B44B-FC02217C0EAB}.Debug|ARM64.Build.0 = Debug|Any CPU
		{762446EC-F886-47FC-B44B-FC02217C0EAB}.Debug|x64.ActiveCfg = Debug|Any CPU
		{762446EC-F886-47FC-B44B-FC02217C0EAB}.Debug|x64.Build.0 = Debug|Any CPU
		{762446EC-F886-47FC-B44B-FC02217C0EAB}.Debug|x86.ActiveCfg = Debug|Any CPU
		{762446EC-F886-47FC-B44B-FC02217C0EAB}.Debug|x86.Build.0 = Debug|Any CPU
		{762446EC-F886-47FC-B44B-FC02217C0EAB}.Release|Any CPU.ActiveCfg = Release|Any CPU
		{762446EC-F886-47FC-B44B-FC02217C0EAB}.Release|Any CPU.Build.0 = Release|Any CPU
		{762446EC-F886-47FC-B44B-FC02217C0EAB}.Release|ARM.ActiveCfg = Release|Any CPU
		{762446EC-F886-47FC-B44B-FC02217C0EAB}.Release|ARM.Build.0 = Release|Any CPU
		{762446EC-F886-47FC-B44B-FC02217C0EAB}.Release|ARM64.ActiveCfg = Release|Any CPU
		{762446EC-F886-47FC-B44B-FC02217C0EAB}.Release|ARM64.Build.0 = Release|Any CPU
		{762446EC-F886-47FC-B44B-FC02217C0EAB}.Release|x64.ActiveCfg = Release|Any CPU
		{762446EC-F886-47FC-B44B-FC02217C0EAB}.Release|x64.Build.0 = Release|Any CPU
		{762446EC-F886-47FC-B44B-FC02217C0EAB}.Release|x86.ActiveCfg = Release|Any CPU
		{762446EC-F886-47FC-B44B-FC02217C0EAB}.Release|x86.Build.0 = Release|Any CPU
		{37FDF0DB-32C3-429A-90E2-68F0489E04CB}.Debug|Any CPU.ActiveCfg = Debug|Any CPU
		{37FDF0DB-32C3-429A-90E2-68F0489E04CB}.Debug|Any CPU.Build.0 = Debug|Any CPU
		{37FDF0DB-32C3-429A-90E2-68F0489E04CB}.Debug|ARM.ActiveCfg = Debug|Any CPU
		{37FDF0DB-32C3-429A-90E2-68F0489E04CB}.Debug|ARM.Build.0 = Debug|Any CPU
		{37FDF0DB-32C3-429A-90E2-68F0489E04CB}.Debug|ARM64.ActiveCfg = Debug|Any CPU
		{37FDF0DB-32C3-429A-90E2-68F0489E04CB}.Debug|ARM64.Build.0 = Debug|Any CPU
		{37FDF0DB-32C3-429A-90E2-68F0489E04CB}.Debug|x64.ActiveCfg = Debug|Any CPU
		{37FDF0DB-32C3-429A-90E2-68F0489E04CB}.Debug|x64.Build.0 = Debug|Any CPU
		{37FDF0DB-32C3-429A-90E2-68F0489E04CB}.Debug|x86.ActiveCfg = Debug|Any CPU
		{37FDF0DB-32C3-429A-90E2-68F0489E04CB}.Debug|x86.Build.0 = Debug|Any CPU
		{37FDF0DB-32C3-429A-90E2-68F0489E04CB}.Release|Any CPU.ActiveCfg = Release|Any CPU
		{37FDF0DB-32C3-429A-90E2-68F0489E04CB}.Release|Any CPU.Build.0 = Release|Any CPU
		{37FDF0DB-32C3-429A-90E2-68F0489E04CB}.Release|ARM.ActiveCfg = Release|Any CPU
		{37FDF0DB-32C3-429A-90E2-68F0489E04CB}.Release|ARM.Build.0 = Release|Any CPU
		{37FDF0DB-32C3-429A-90E2-68F0489E04CB}.Release|ARM64.ActiveCfg = Release|Any CPU
		{37FDF0DB-32C3-429A-90E2-68F0489E04CB}.Release|ARM64.Build.0 = Release|Any CPU
		{37FDF0DB-32C3-429A-90E2-68F0489E04CB}.Release|x64.ActiveCfg = Release|Any CPU
		{37FDF0DB-32C3-429A-90E2-68F0489E04CB}.Release|x64.Build.0 = Release|Any CPU
		{37FDF0DB-32C3-429A-90E2-68F0489E04CB}.Release|x86.ActiveCfg = Release|Any CPU
		{37FDF0DB-32C3-429A-90E2-68F0489E04CB}.Release|x86.Build.0 = Release|Any CPU
		{14500D96-9B20-4631-9F54-497BC9F298FB}.Debug|Any CPU.ActiveCfg = Debug|Any CPU
		{14500D96-9B20-4631-9F54-497BC9F298FB}.Debug|Any CPU.Build.0 = Debug|Any CPU
		{14500D96-9B20-4631-9F54-497BC9F298FB}.Debug|ARM.ActiveCfg = Debug|Any CPU
		{14500D96-9B20-4631-9F54-497BC9F298FB}.Debug|ARM.Build.0 = Debug|Any CPU
		{14500D96-9B20-4631-9F54-497BC9F298FB}.Debug|ARM64.ActiveCfg = Debug|Any CPU
		{14500D96-9B20-4631-9F54-497BC9F298FB}.Debug|ARM64.Build.0 = Debug|Any CPU
		{14500D96-9B20-4631-9F54-497BC9F298FB}.Debug|x64.ActiveCfg = Debug|Any CPU
		{14500D96-9B20-4631-9F54-497BC9F298FB}.Debug|x64.Build.0 = Debug|Any CPU
		{14500D96-9B20-4631-9F54-497BC9F298FB}.Debug|x86.ActiveCfg = Debug|Any CPU
		{14500D96-9B20-4631-9F54-497BC9F298FB}.Debug|x86.Build.0 = Debug|Any CPU
		{14500D96-9B20-4631-9F54-497BC9F298FB}.Release|Any CPU.ActiveCfg = Release|Any CPU
		{14500D96-9B20-4631-9F54-497BC9F298FB}.Release|Any CPU.Build.0 = Release|Any CPU
		{14500D96-9B20-4631-9F54-497BC9F298FB}.Release|ARM.ActiveCfg = Release|Any CPU
		{14500D96-9B20-4631-9F54-497BC9F298FB}.Release|ARM.Build.0 = Release|Any CPU
		{14500D96-9B20-4631-9F54-497BC9F298FB}.Release|ARM64.ActiveCfg = Release|Any CPU
		{14500D96-9B20-4631-9F54-497BC9F298FB}.Release|ARM64.Build.0 = Release|Any CPU
		{14500D96-9B20-4631-9F54-497BC9F298FB}.Release|x64.ActiveCfg = Release|Any CPU
		{14500D96-9B20-4631-9F54-497BC9F298FB}.Release|x64.Build.0 = Release|Any CPU
		{14500D96-9B20-4631-9F54-497BC9F298FB}.Release|x86.ActiveCfg = Release|Any CPU
		{14500D96-9B20-4631-9F54-497BC9F298FB}.Release|x86.Build.0 = Release|Any CPU
		{E8C8F144-6C2C-4E85-933B-8328FF794638}.Debug|Any CPU.ActiveCfg = Debug|Any CPU
		{E8C8F144-6C2C-4E85-933B-8328FF794638}.Debug|Any CPU.Build.0 = Debug|Any CPU
		{E8C8F144-6C2C-4E85-933B-8328FF794638}.Debug|ARM.ActiveCfg = Debug|Any CPU
		{E8C8F144-6C2C-4E85-933B-8328FF794638}.Debug|ARM.Build.0 = Debug|Any CPU
		{E8C8F144-6C2C-4E85-933B-8328FF794638}.Debug|ARM64.ActiveCfg = Debug|Any CPU
		{E8C8F144-6C2C-4E85-933B-8328FF794638}.Debug|ARM64.Build.0 = Debug|Any CPU
		{E8C8F144-6C2C-4E85-933B-8328FF794638}.Debug|x64.ActiveCfg = Debug|Any CPU
		{E8C8F144-6C2C-4E85-933B-8328FF794638}.Debug|x64.Build.0 = Debug|Any CPU
		{E8C8F144-6C2C-4E85-933B-8328FF794638}.Debug|x86.ActiveCfg = Debug|Any CPU
		{E8C8F144-6C2C-4E85-933B-8328FF794638}.Debug|x86.Build.0 = Debug|Any CPU
		{E8C8F144-6C2C-4E85-933B-8328FF794638}.Release|Any CPU.ActiveCfg = Release|Any CPU
		{E8C8F144-6C2C-4E85-933B-8328FF794638}.Release|Any CPU.Build.0 = Release|Any CPU
		{E8C8F144-6C2C-4E85-933B-8328FF794638}.Release|ARM.ActiveCfg = Release|Any CPU
		{E8C8F144-6C2C-4E85-933B-8328FF794638}.Release|ARM.Build.0 = Release|Any CPU
		{E8C8F144-6C2C-4E85-933B-8328FF794638}.Release|ARM64.ActiveCfg = Release|Any CPU
		{E8C8F144-6C2C-4E85-933B-8328FF794638}.Release|ARM64.Build.0 = Release|Any CPU
		{E8C8F144-6C2C-4E85-933B-8328FF794638}.Release|x64.ActiveCfg = Release|Any CPU
		{E8C8F144-6C2C-4E85-933B-8328FF794638}.Release|x64.Build.0 = Release|Any CPU
		{E8C8F144-6C2C-4E85-933B-8328FF794638}.Release|x86.ActiveCfg = Release|Any CPU
		{E8C8F144-6C2C-4E85-933B-8328FF794638}.Release|x86.Build.0 = Release|Any CPU
		{A31A9CF7-DAFA-4EFB-B233-714D63C2EED8}.Debug|Any CPU.ActiveCfg = Debug|Any CPU
		{A31A9CF7-DAFA-4EFB-B233-714D63C2EED8}.Debug|Any CPU.Build.0 = Debug|Any CPU
		{A31A9CF7-DAFA-4EFB-B233-714D63C2EED8}.Debug|ARM.ActiveCfg = Debug|Any CPU
		{A31A9CF7-DAFA-4EFB-B233-714D63C2EED8}.Debug|ARM.Build.0 = Debug|Any CPU
		{A31A9CF7-DAFA-4EFB-B233-714D63C2EED8}.Debug|ARM64.ActiveCfg = Debug|Any CPU
		{A31A9CF7-DAFA-4EFB-B233-714D63C2EED8}.Debug|ARM64.Build.0 = Debug|Any CPU
		{A31A9CF7-DAFA-4EFB-B233-714D63C2EED8}.Debug|x64.ActiveCfg = Debug|Any CPU
		{A31A9CF7-DAFA-4EFB-B233-714D63C2EED8}.Debug|x64.Build.0 = Debug|Any CPU
		{A31A9CF7-DAFA-4EFB-B233-714D63C2EED8}.Debug|x86.ActiveCfg = Debug|Any CPU
		{A31A9CF7-DAFA-4EFB-B233-714D63C2EED8}.Debug|x86.Build.0 = Debug|Any CPU
		{A31A9CF7-DAFA-4EFB-B233-714D63C2EED8}.Release|Any CPU.ActiveCfg = Release|Any CPU
		{A31A9CF7-DAFA-4EFB-B233-714D63C2EED8}.Release|Any CPU.Build.0 = Release|Any CPU
		{A31A9CF7-DAFA-4EFB-B233-714D63C2EED8}.Release|ARM.ActiveCfg = Release|Any CPU
		{A31A9CF7-DAFA-4EFB-B233-714D63C2EED8}.Release|ARM.Build.0 = Release|Any CPU
		{A31A9CF7-DAFA-4EFB-B233-714D63C2EED8}.Release|ARM64.ActiveCfg = Release|Any CPU
		{A31A9CF7-DAFA-4EFB-B233-714D63C2EED8}.Release|ARM64.Build.0 = Release|Any CPU
		{A31A9CF7-DAFA-4EFB-B233-714D63C2EED8}.Release|x64.ActiveCfg = Release|Any CPU
		{A31A9CF7-DAFA-4EFB-B233-714D63C2EED8}.Release|x64.Build.0 = Release|Any CPU
		{A31A9CF7-DAFA-4EFB-B233-714D63C2EED8}.Release|x86.ActiveCfg = Release|Any CPU
		{A31A9CF7-DAFA-4EFB-B233-714D63C2EED8}.Release|x86.Build.0 = Release|Any CPU
		{7069D83A-3933-4135-922B-76F754740A00}.Debug|Any CPU.ActiveCfg = Debug|Any CPU
		{7069D83A-3933-4135-922B-76F754740A00}.Debug|Any CPU.Build.0 = Debug|Any CPU
		{7069D83A-3933-4135-922B-76F754740A00}.Debug|ARM.ActiveCfg = Debug|Any CPU
		{7069D83A-3933-4135-922B-76F754740A00}.Debug|ARM.Build.0 = Debug|Any CPU
		{7069D83A-3933-4135-922B-76F754740A00}.Debug|ARM64.ActiveCfg = Debug|Any CPU
		{7069D83A-3933-4135-922B-76F754740A00}.Debug|ARM64.Build.0 = Debug|Any CPU
		{7069D83A-3933-4135-922B-76F754740A00}.Debug|x64.ActiveCfg = Debug|Any CPU
		{7069D83A-3933-4135-922B-76F754740A00}.Debug|x64.Build.0 = Debug|Any CPU
		{7069D83A-3933-4135-922B-76F754740A00}.Debug|x86.ActiveCfg = Debug|x86
		{7069D83A-3933-4135-922B-76F754740A00}.Release|Any CPU.ActiveCfg = Release|Any CPU
		{7069D83A-3933-4135-922B-76F754740A00}.Release|ARM.ActiveCfg = Release|Any CPU
		{7069D83A-3933-4135-922B-76F754740A00}.Release|ARM.Build.0 = Release|Any CPU
		{7069D83A-3933-4135-922B-76F754740A00}.Release|ARM64.ActiveCfg = Release|Any CPU
		{7069D83A-3933-4135-922B-76F754740A00}.Release|ARM64.Build.0 = Release|Any CPU
		{7069D83A-3933-4135-922B-76F754740A00}.Release|x64.ActiveCfg = Release|Any CPU
		{7069D83A-3933-4135-922B-76F754740A00}.Release|x64.Build.0 = Release|Any CPU
		{7069D83A-3933-4135-922B-76F754740A00}.Release|x86.ActiveCfg = Release|x86
		{F31299DC-288F-4E46-A3AF-6BF461B21C79}.Debug|Any CPU.ActiveCfg = Debug|Any CPU
		{F31299DC-288F-4E46-A3AF-6BF461B21C79}.Debug|Any CPU.Build.0 = Debug|Any CPU
		{F31299DC-288F-4E46-A3AF-6BF461B21C79}.Debug|ARM.ActiveCfg = Debug|Any CPU
		{F31299DC-288F-4E46-A3AF-6BF461B21C79}.Debug|ARM.Build.0 = Debug|Any CPU
		{F31299DC-288F-4E46-A3AF-6BF461B21C79}.Debug|ARM64.ActiveCfg = Debug|Any CPU
		{F31299DC-288F-4E46-A3AF-6BF461B21C79}.Debug|ARM64.Build.0 = Debug|Any CPU
		{F31299DC-288F-4E46-A3AF-6BF461B21C79}.Debug|x64.ActiveCfg = Debug|Any CPU
		{F31299DC-288F-4E46-A3AF-6BF461B21C79}.Debug|x64.Build.0 = Debug|Any CPU
		{F31299DC-288F-4E46-A3AF-6BF461B21C79}.Debug|x86.ActiveCfg = Debug|x86
		{F31299DC-288F-4E46-A3AF-6BF461B21C79}.Release|Any CPU.ActiveCfg = Release|Any CPU
		{F31299DC-288F-4E46-A3AF-6BF461B21C79}.Release|ARM.ActiveCfg = Release|Any CPU
		{F31299DC-288F-4E46-A3AF-6BF461B21C79}.Release|ARM.Build.0 = Release|Any CPU
		{F31299DC-288F-4E46-A3AF-6BF461B21C79}.Release|ARM64.ActiveCfg = Release|Any CPU
		{F31299DC-288F-4E46-A3AF-6BF461B21C79}.Release|ARM64.Build.0 = Release|Any CPU
		{F31299DC-288F-4E46-A3AF-6BF461B21C79}.Release|x64.ActiveCfg = Release|Any CPU
		{F31299DC-288F-4E46-A3AF-6BF461B21C79}.Release|x64.Build.0 = Release|Any CPU
		{F31299DC-288F-4E46-A3AF-6BF461B21C79}.Release|x86.ActiveCfg = Release|x86
		{44469A8F-96D8-4C3E-8925-4853ED69AD0D}.Debug|Any CPU.ActiveCfg = Debug|Any CPU
		{44469A8F-96D8-4C3E-8925-4853ED69AD0D}.Debug|Any CPU.Build.0 = Debug|Any CPU
		{44469A8F-96D8-4C3E-8925-4853ED69AD0D}.Debug|ARM.ActiveCfg = Debug|Any CPU
		{44469A8F-96D8-4C3E-8925-4853ED69AD0D}.Debug|ARM.Build.0 = Debug|Any CPU
		{44469A8F-96D8-4C3E-8925-4853ED69AD0D}.Debug|ARM64.ActiveCfg = Debug|Any CPU
		{44469A8F-96D8-4C3E-8925-4853ED69AD0D}.Debug|ARM64.Build.0 = Debug|Any CPU
		{44469A8F-96D8-4C3E-8925-4853ED69AD0D}.Debug|x64.ActiveCfg = Debug|Any CPU
		{44469A8F-96D8-4C3E-8925-4853ED69AD0D}.Debug|x64.Build.0 = Debug|Any CPU
		{44469A8F-96D8-4C3E-8925-4853ED69AD0D}.Debug|x86.ActiveCfg = Debug|Any CPU
		{44469A8F-96D8-4C3E-8925-4853ED69AD0D}.Debug|x86.Build.0 = Debug|Any CPU
		{44469A8F-96D8-4C3E-8925-4853ED69AD0D}.Release|Any CPU.ActiveCfg = Release|Any CPU
		{44469A8F-96D8-4C3E-8925-4853ED69AD0D}.Release|Any CPU.Build.0 = Release|Any CPU
		{44469A8F-96D8-4C3E-8925-4853ED69AD0D}.Release|ARM.ActiveCfg = Release|Any CPU
		{44469A8F-96D8-4C3E-8925-4853ED69AD0D}.Release|ARM.Build.0 = Release|Any CPU
		{44469A8F-96D8-4C3E-8925-4853ED69AD0D}.Release|ARM64.ActiveCfg = Release|Any CPU
		{44469A8F-96D8-4C3E-8925-4853ED69AD0D}.Release|ARM64.Build.0 = Release|Any CPU
		{44469A8F-96D8-4C3E-8925-4853ED69AD0D}.Release|x64.ActiveCfg = Release|Any CPU
		{44469A8F-96D8-4C3E-8925-4853ED69AD0D}.Release|x64.Build.0 = Release|Any CPU
		{44469A8F-96D8-4C3E-8925-4853ED69AD0D}.Release|x86.ActiveCfg = Release|Any CPU
		{44469A8F-96D8-4C3E-8925-4853ED69AD0D}.Release|x86.Build.0 = Release|Any CPU
		{ACCD15F4-818F-478D-9812-0070D2104850}.Debug|Any CPU.ActiveCfg = Debug|Any CPU
		{ACCD15F4-818F-478D-9812-0070D2104850}.Debug|Any CPU.Build.0 = Debug|Any CPU
		{ACCD15F4-818F-478D-9812-0070D2104850}.Debug|ARM.ActiveCfg = Debug|Any CPU
		{ACCD15F4-818F-478D-9812-0070D2104850}.Debug|ARM.Build.0 = Debug|Any CPU
		{ACCD15F4-818F-478D-9812-0070D2104850}.Debug|ARM64.ActiveCfg = Debug|Any CPU
		{ACCD15F4-818F-478D-9812-0070D2104850}.Debug|ARM64.Build.0 = Debug|Any CPU
		{ACCD15F4-818F-478D-9812-0070D2104850}.Debug|x64.ActiveCfg = Debug|Any CPU
		{ACCD15F4-818F-478D-9812-0070D2104850}.Debug|x64.Build.0 = Debug|Any CPU
		{ACCD15F4-818F-478D-9812-0070D2104850}.Debug|x86.ActiveCfg = Debug|Any CPU
		{ACCD15F4-818F-478D-9812-0070D2104850}.Debug|x86.Build.0 = Debug|Any CPU
		{ACCD15F4-818F-478D-9812-0070D2104850}.Release|Any CPU.ActiveCfg = Release|Any CPU
		{ACCD15F4-818F-478D-9812-0070D2104850}.Release|Any CPU.Build.0 = Release|Any CPU
		{ACCD15F4-818F-478D-9812-0070D2104850}.Release|ARM.ActiveCfg = Release|Any CPU
		{ACCD15F4-818F-478D-9812-0070D2104850}.Release|ARM.Build.0 = Release|Any CPU
		{ACCD15F4-818F-478D-9812-0070D2104850}.Release|ARM64.ActiveCfg = Release|Any CPU
		{ACCD15F4-818F-478D-9812-0070D2104850}.Release|ARM64.Build.0 = Release|Any CPU
		{ACCD15F4-818F-478D-9812-0070D2104850}.Release|x64.ActiveCfg = Release|Any CPU
		{ACCD15F4-818F-478D-9812-0070D2104850}.Release|x64.Build.0 = Release|Any CPU
		{ACCD15F4-818F-478D-9812-0070D2104850}.Release|x86.ActiveCfg = Release|Any CPU
		{ACCD15F4-818F-478D-9812-0070D2104850}.Release|x86.Build.0 = Release|Any CPU
		{A25F504C-202D-4541-A315-66D96E2D1623}.Debug|Any CPU.ActiveCfg = Debug|Any CPU
		{A25F504C-202D-4541-A315-66D96E2D1623}.Debug|Any CPU.Build.0 = Debug|Any CPU
		{A25F504C-202D-4541-A315-66D96E2D1623}.Debug|ARM.ActiveCfg = Debug|Any CPU
		{A25F504C-202D-4541-A315-66D96E2D1623}.Debug|ARM.Build.0 = Debug|Any CPU
		{A25F504C-202D-4541-A315-66D96E2D1623}.Debug|ARM64.ActiveCfg = Debug|Any CPU
		{A25F504C-202D-4541-A315-66D96E2D1623}.Debug|ARM64.Build.0 = Debug|Any CPU
		{A25F504C-202D-4541-A315-66D96E2D1623}.Debug|x64.ActiveCfg = Debug|Any CPU
		{A25F504C-202D-4541-A315-66D96E2D1623}.Debug|x64.Build.0 = Debug|Any CPU
		{A25F504C-202D-4541-A315-66D96E2D1623}.Debug|x86.ActiveCfg = Debug|Any CPU
		{A25F504C-202D-4541-A315-66D96E2D1623}.Debug|x86.Build.0 = Debug|Any CPU
		{A25F504C-202D-4541-A315-66D96E2D1623}.Release|Any CPU.ActiveCfg = Release|Any CPU
		{A25F504C-202D-4541-A315-66D96E2D1623}.Release|Any CPU.Build.0 = Release|Any CPU
		{A25F504C-202D-4541-A315-66D96E2D1623}.Release|ARM.ActiveCfg = Release|Any CPU
		{A25F504C-202D-4541-A315-66D96E2D1623}.Release|ARM.Build.0 = Release|Any CPU
		{A25F504C-202D-4541-A315-66D96E2D1623}.Release|ARM64.ActiveCfg = Release|Any CPU
		{A25F504C-202D-4541-A315-66D96E2D1623}.Release|ARM64.Build.0 = Release|Any CPU
		{A25F504C-202D-4541-A315-66D96E2D1623}.Release|x64.ActiveCfg = Release|Any CPU
		{A25F504C-202D-4541-A315-66D96E2D1623}.Release|x64.Build.0 = Release|Any CPU
		{A25F504C-202D-4541-A315-66D96E2D1623}.Release|x86.ActiveCfg = Release|Any CPU
		{A25F504C-202D-4541-A315-66D96E2D1623}.Release|x86.Build.0 = Release|Any CPU
	EndGlobalSection
	GlobalSection(SolutionProperties) = preSolution
		HideSolutionNode = FALSE
	EndGlobalSection
	GlobalSection(ExtensibilityGlobals) = postSolution
		SolutionGuid = {8E78F5F6-A23F-4272-B37C-F159D1F8209E}
	EndGlobalSection
EndGlobal
